<?xml version="1.0" encoding="utf-8"?>
<Project ToolsVersion="4.0" xmlns="http://schemas.microsoft.com/developer/msbuild/2003">
  <ItemGroup>
    <Filter Include="YSFIO">
      <UniqueIdentifier>{f9bf781a-a1ea-426c-b37b-70165b7ebbf0}</UniqueIdentifier>
    </Filter>
    <Filter Include="resources">
      <UniqueIdentifier>{b4d71fc8-8d42-45ff-bee2-bb01af640792}</UniqueIdentifier>
    </Filter>
    <Filter Include="YSFIO\resource">
      <UniqueIdentifier>{e015e19e-234d-4ca8-abf5-473dfe649e6e}</UniqueIdentifier>
    </Filter>
    <Filter Include="example">
      <UniqueIdentifier>{85d3d047-1be3-48fa-8ee0-c468b3857898}</UniqueIdentifier>
    </Filter>
  </ItemGroup>
  <ItemGroup>
    <ClInclude Include="YSFIO\YSFIOKernel.h">
      <Filter>YSFIO</Filter>
    </ClInclude>
    <ClInclude Include="YSFIO\util.h">
      <Filter>YSFIO</Filter>
    </ClInclude>
    <ClInclude Include="YSFIO\IYSFIOChannel.h">
      <Filter>YSFIO</Filter>
    </ClInclude>
    <ClInclude Include="YSFIO\AYSFIOHandle.h">
      <Filter>YSFIO</Filter>
    </ClInclude>
    <ClInclude Include="YSFIO\IYSFIOProtocol.h">
      <Filter>YSFIO</Filter>
    </ClInclude>
    <ClInclude Include="YSFIO\IYSFIORole.h">
      <Filter>YSFIO</Filter>
    </ClInclude>
    <ClInclude Include="YSFIO\IYSFIOHandle.h">
      <Filter>YSFIO</Filter>
    </ClInclude>
  </ItemGroup>
  <ItemGroup>
    <ClCompile Include="YSFIO\YSFIOKernel.cpp">
      <Filter>YSFIO</Filter>
    </ClCompile>
    <ClCompile Include="YSFIO\IYSFIOChannel.cpp">
      <Filter>YSFIO</Filter>
    </ClCompile>
    <ClCompile Include="YSFIO\AYSFIOHandle.cpp">
      <Filter>YSFIO</Filter>
    </ClCompile>
    <ClCompile Include="YSFIO\IYSFIOProtocol.cpp">
      <Filter>YSFIO</Filter>
    </ClCompile>
    <ClCompile Include="YSFIO\IYSFIORole.cpp">
      <Filter>YSFIO</Filter>
    </ClCompile>
    <ClCompile Include="example\SimpleExampleEcho.cpp">
      <Filter>example</Filter>
    </ClCompile>
    <ClCompile Include="YSFIO\IYSFIOHandle.cpp">
      <Filter>YSFIO</Filter>
    </ClCompile>
  </ItemGroup>
  <ItemGroup>
    <None Include="YSFIO\README.md">
      <Filter>YSFIO</Filter>
    </None>
    <None Include="README.md" />
    <None Include="YredxinSFIO.licenseheader" />
  </ItemGroup>
  <ItemGroup>
    <Image Include="YSFIO\images\V1.0.png">
      <Filter>YSFIO\resource</Filter>
    </Image>
    <Image Include="YSFIO\images\V1.1.png">
      <Filter>YSFIO\resource</Filter>
    </Image>
    <Image Include="YSFIO\images\V1.2.png">
      <Filter>YSFIO\resource</Filter>
    </Image>
    <Image Include="YSFIO\images\V1.3.png">
      <Filter>YSFIO\resource</Filter>
    </Image>
    <Image Include="YSFIO\images\V1.4.png">
      <Filter>YSFIO\resource</Filter>
    </Image>
    <Image Include="YSFIO\images\V1.5.png">
      <Filter>YSFIO\resource</Filter>
    </Image>
    <Image Include="YSFIO\images\V1.6.png">
      <Filter>YSFIO\resource</Filter>
    </Image>
    <Image Include="YSFIO\images\V1.7.png">
      <Filter>YSFIO\resource</Filter>
    </Image>
  </ItemGroup>
</Project>